// !$*UTF8*$!
{
	archiveVersion = 1;
	classes = {
	};
	objectVersion = 55;
	objects = {

/* Begin PBXBuildFile section */
		3D84376F27B7A08F00BEBDF6 /* AppDelegate.swift in Sources */ = {isa = PBXBuildFile; fileRef = 3D84376E27B7A08F00BEBDF6 /* AppDelegate.swift */; };
		3D84377127B7A08F00BEBDF6 /* SceneDelegate.swift in Sources */ = {isa = PBXBuildFile; fileRef = 3D84377027B7A08F00BEBDF6 /* SceneDelegate.swift */; };
		3D84377327B7A08F00BEBDF6 /* EnterViewController.swift in Sources */ = {isa = PBXBuildFile; fileRef = 3D84377227B7A08F00BEBDF6 /* EnterViewController.swift */; };
		3D84377827B7A09300BEBDF6 /* Assets.xcassets in Resources */ = {isa = PBXBuildFile; fileRef = 3D84377727B7A09300BEBDF6 /* Assets.xcassets */; };
		3D84378327B7FFEB00BEBDF6 /* CalculateViewController.swift in Sources */ = {isa = PBXBuildFile; fileRef = 3D84378227B7FFEB00BEBDF6 /* CalculateViewController.swift */; };
		3D84378627B816CD00BEBDF6 /* Turnip.swift in Sources */ = {isa = PBXBuildFile; fileRef = 3D84378527B816CD00BEBDF6 /* Turnip.swift */; };
		5FEB41DFCE08819B0FCC0B5F /* Pods_TurnipCalculate.framework in Frameworks */ = {isa = PBXBuildFile; fileRef = 06A695328AC537C22330EDEF /* Pods_TurnipCalculate.framework */; };
		8C23C4BB28D710AA008DF3C6 /* Extension.swift in Sources */ = {isa = PBXBuildFile; fileRef = 8C23C4BA28D710AA008DF3C6 /* Extension.swift */; };
		8C23C4BE28D710F2008DF3C6 /* TurnipService.swift in Sources */ = {isa = PBXBuildFile; fileRef = 8C23C4BD28D710F2008DF3C6 /* TurnipService.swift */; };
		8CDB8B082912B43C0088D972 /* EnterView.swift in Sources */ = {isa = PBXBuildFile; fileRef = 8CDB8B072912B43C0088D972 /* EnterView.swift */; };
/* End PBXBuildFile section */

/* Begin PBXFileReference section */
		06A695328AC537C22330EDEF /* Pods_TurnipCalculate.framework */ = {isa = PBXFileReference; explicitFileType = wrapper.framework; includeInIndex = 0; path = Pods_TurnipCalculate.framework; sourceTree = BUILT_PRODUCTS_DIR; };
		3998ADD3A1778BFDC6E227F6 /* Pods-TurnipCalculate.release.xcconfig */ = {isa = PBXFileReference; includeInIndex = 1; lastKnownFileType = text.xcconfig; name = "Pods-TurnipCalculate.release.xcconfig"; path = "Target Support Files/Pods-TurnipCalculate/Pods-TurnipCalculate.release.xcconfig"; sourceTree = "<group>"; };
		3D84376B27B7A08F00BEBDF6 /* TurnipCalculate.app */ = {isa = PBXFileReference; explicitFileType = wrapper.application; includeInIndex = 0; path = TurnipCalculate.app; sourceTree = BUILT_PRODUCTS_DIR; };
		3D84376E27B7A08F00BEBDF6 /* AppDelegate.swift */ = {isa = PBXFileReference; lastKnownFileType = sourcecode.swift; path = AppDelegate.swift; sourceTree = "<group>"; };
		3D84377027B7A08F00BEBDF6 /* SceneDelegate.swift */ = {isa = PBXFileReference; lastKnownFileType = sourcecode.swift; path = SceneDelegate.swift; sourceTree = "<group>"; };
		3D84377227B7A08F00BEBDF6 /* EnterViewController.swift */ = {isa = PBXFileReference; lastKnownFileType = sourcecode.swift; path = EnterViewController.swift; sourceTree = "<group>"; };
		3D84377727B7A09300BEBDF6 /* Assets.xcassets */ = {isa = PBXFileReference; lastKnownFileType = folder.assetcatalog; path = Assets.xcassets; sourceTree = "<group>"; };
		3D84377C27B7A09300BEBDF6 /* Info.plist */ = {isa = PBXFileReference; lastKnownFileType = text.plist.xml; path = Info.plist; sourceTree = "<group>"; };
		3D84378227B7FFEB00BEBDF6 /* CalculateViewController.swift */ = {isa = PBXFileReference; lastKnownFileType = sourcecode.swift; path = CalculateViewController.swift; sourceTree = "<group>"; };
		3D84378527B816CD00BEBDF6 /* Turnip.swift */ = {isa = PBXFileReference; lastKnownFileType = sourcecode.swift; path = Turnip.swift; sourceTree = "<group>"; };
		4D15662B2B7DC92A270C4372 /* Pods-TurnipCalculate.debug.xcconfig */ = {isa = PBXFileReference; includeInIndex = 1; lastKnownFileType = text.xcconfig; name = "Pods-TurnipCalculate.debug.xcconfig"; path = "Target Support Files/Pods-TurnipCalculate/Pods-TurnipCalculate.debug.xcconfig"; sourceTree = "<group>"; };
		8C23C4BA28D710AA008DF3C6 /* Extension.swift */ = {isa = PBXFileReference; lastKnownFileType = sourcecode.swift; path = Extension.swift; sourceTree = "<group>"; };
		8C23C4BD28D710F2008DF3C6 /* TurnipService.swift */ = {isa = PBXFileReference; lastKnownFileType = sourcecode.swift; path = TurnipService.swift; sourceTree = "<group>"; };
		8CDB8B072912B43C0088D972 /* EnterView.swift */ = {isa = PBXFileReference; lastKnownFileType = sourcecode.swift; path = EnterView.swift; sourceTree = "<group>"; };
/* End PBXFileReference section */

/* Begin PBXFrameworksBuildPhase section */
		3D84376827B7A08F00BEBDF6 /* Frameworks */ = {
			isa = PBXFrameworksBuildPhase;
			buildActionMask = 2147483647;
			files = (
				5FEB41DFCE08819B0FCC0B5F /* Pods_TurnipCalculate.framework in Frameworks */,
			);
			runOnlyForDeploymentPostprocessing = 0;
		};
/* End PBXFrameworksBuildPhase section */

/* Begin PBXGroup section */
		3D84376227B7A08F00BEBDF6 = {
			isa = PBXGroup;
			children = (
				3D84376D27B7A08F00BEBDF6 /* TurnipCalculate */,
				3D84376C27B7A08F00BEBDF6 /* Products */,
				C2B77A003EC4885197449B55 /* Pods */,
				B3B681F3D1227662D1D22A10 /* Frameworks */,
			);
			sourceTree = "<group>";
		};
		3D84376C27B7A08F00BEBDF6 /* Products */ = {
			isa = PBXGroup;
			children = (
				3D84376B27B7A08F00BEBDF6 /* TurnipCalculate.app */,
			);
			name = Products;
			sourceTree = "<group>";
		};
		3D84376D27B7A08F00BEBDF6 /* TurnipCalculate */ = {
			isa = PBXGroup;
			children = (
				8CDB8B0429129F570088D972 /* Resource */,
				8CDB8B0329129F260088D972 /* Source */,
				3D84377C27B7A09300BEBDF6 /* Info.plist */,
			);
			path = TurnipCalculate;
			sourceTree = "<group>";
		};
		3D84378427B7FFF100BEBDF6 /* Controller */ = {
			isa = PBXGroup;
			children = (
				3D84377227B7A08F00BEBDF6 /* EnterViewController.swift */,
				3D84378227B7FFEB00BEBDF6 /* CalculateViewController.swift */,
			);
			path = Controller;
			sourceTree = "<group>";
		};
		8C23C4B928D7108C008DF3C6 /* Extensions */ = {
			isa = PBXGroup;
			children = (
				8C23C4BA28D710AA008DF3C6 /* Extension.swift */,
			);
			path = Extensions;
			sourceTree = "<group>";
		};
		8C23C4BC28D710D6008DF3C6 /* Service */ = {
			isa = PBXGroup;
			children = (
				8C23C4BD28D710F2008DF3C6 /* TurnipService.swift */,
			);
			path = Service;
			sourceTree = "<group>";
		};
		8C4A7C8C28C7FFE000B1CF58 /* Model */ = {
			isa = PBXGroup;
			children = (
				3D84378527B816CD00BEBDF6 /* Turnip.swift */,
			);
			path = Model;
			sourceTree = "<group>";
		};
		8C4A7C8F28C8036900B1CF58 /* View */ = {
			isa = PBXGroup;
			children = (
				8CDB8B072912B43C0088D972 /* EnterView.swift */,
			);
			path = View;
			sourceTree = "<group>";
		};
		8CDB8B0229129EEE0088D972 /* LifeCycles */ = {
			isa = PBXGroup;
			children = (
				3D84376E27B7A08F00BEBDF6 /* AppDelegate.swift */,
				3D84377027B7A08F00BEBDF6 /* SceneDelegate.swift */,
			);
			path = LifeCycles;
			sourceTree = "<group>";
		};
		8CDB8B0329129F260088D972 /* Source */ = {
			isa = PBXGroup;
			children = (
				8CDB8B0229129EEE0088D972 /* LifeCycles */,
				8C4A7C8F28C8036900B1CF58 /* View */,
				3D84378427B7FFF100BEBDF6 /* Controller */,
				8C23C4BC28D710D6008DF3C6 /* Service */,
				8C23C4B928D7108C008DF3C6 /* Extensions */,
				8C4A7C8C28C7FFE000B1CF58 /* Model */,
			);
			path = Source;
			sourceTree = "<group>";
		};
		8CDB8B0429129F570088D972 /* Resource */ = {
			isa = PBXGroup;
			children = (
				3D84377727B7A09300BEBDF6 /* Assets.xcassets */,
			);
			path = Resource;
			sourceTree = "<group>";
		};
		B3B681F3D1227662D1D22A10 /* Frameworks */ = {
			isa = PBXGroup;
			children = (
				06A695328AC537C22330EDEF /* Pods_TurnipCalculate.framework */,
			);
			name = Frameworks;
			sourceTree = "<group>";
		};
		C2B77A003EC4885197449B55 /* Pods */ = {
			isa = PBXGroup;
			children = (
				4D15662B2B7DC92A270C4372 /* Pods-TurnipCalculate.debug.xcconfig */,
				3998ADD3A1778BFDC6E227F6 /* Pods-TurnipCalculate.release.xcconfig */,
			);
			path = Pods;
			sourceTree = "<group>";
		};
/* End PBXGroup section */

/* Begin PBXNativeTarget section */
		3D84376A27B7A08F00BEBDF6 /* TurnipCalculate */ = {
			isa = PBXNativeTarget;
			buildConfigurationList = 3D84377F27B7A09300BEBDF6 /* Build configuration list for PBXNativeTarget "TurnipCalculate" */;
			buildPhases = (
				5EB5F4B7A4C34C39640F0EC0 /* [CP] Check Pods Manifest.lock */,
				3D84376727B7A08F00BEBDF6 /* Sources */,
				3D84376827B7A08F00BEBDF6 /* Frameworks */,
				3D84376927B7A08F00BEBDF6 /* Resources */,
				3EFCCE3594BBC10CBD913546 /* [CP] Embed Pods Frameworks */,
			);
			buildRules = (
			);
			dependencies = (
			);
			name = TurnipCalculate;
			productName = TurnipCalculate;
			productReference = 3D84376B27B7A08F00BEBDF6 /* TurnipCalculate.app */;
			productType = "com.apple.product-type.application";
		};
/* End PBXNativeTarget section */

/* Begin PBXProject section */
		3D84376327B7A08F00BEBDF6 /* Project object */ = {
			isa = PBXProject;
			attributes = {
				BuildIndependentTargetsInParallel = 1;
				LastSwiftUpdateCheck = 1320;
				LastUpgradeCheck = 1320;
				TargetAttributes = {
					3D84376A27B7A08F00BEBDF6 = {
						CreatedOnToolsVersion = 13.2.1;
					};
				};
			};
			buildConfigurationList = 3D84376627B7A08F00BEBDF6 /* Build configuration list for PBXProject "TurnipCalculate" */;
			compatibilityVersion = "Xcode 13.0";
			developmentRegion = en;
			hasScannedForEncodings = 0;
			knownRegions = (
				en,
				Base,
			);
			mainGroup = 3D84376227B7A08F00BEBDF6;
			productRefGroup = 3D84376C27B7A08F00BEBDF6 /* Products */;
			projectDirPath = "";
			projectRoot = "";
			targets = (
				3D84376A27B7A08F00BEBDF6 /* TurnipCalculate */,
			);
		};
/* End PBXProject section */

/* Begin PBXResourcesBuildPhase section */
		3D84376927B7A08F00BEBDF6 /* Resources */ = {
			isa = PBXResourcesBuildPhase;
			buildActionMask = 2147483647;
			files = (
				3D84377827B7A09300BEBDF6 /* Assets.xcassets in Resources */,
			);
			runOnlyForDeploymentPostprocessing = 0;
		};
/* End PBXResourcesBuildPhase section */

/* Begin PBXShellScriptBuildPhase section */
		3EFCCE3594BBC10CBD913546 /* [CP] Embed Pods Frameworks */ = {
			isa = PBXShellScriptBuildPhase;
			buildActionMask = 2147483647;
			files = (
			);
			inputFileListPaths = (
				"${PODS_ROOT}/Target Support Files/Pods-TurnipCalculate/Pods-TurnipCalculate-frameworks-${CONFIGURATION}-input-files.xcfilelist",
			);
			name = "[CP] Embed Pods Frameworks";
			outputFileListPaths = (
				"${PODS_ROOT}/Target Support Files/Pods-TurnipCalculate/Pods-TurnipCalculate-frameworks-${CONFIGURATION}-output-files.xcfilelist",
			);
			runOnlyForDeploymentPostprocessing = 0;
			shellPath = /bin/sh;
			shellScript = "\"${PODS_ROOT}/Target Support Files/Pods-TurnipCalculate/Pods-TurnipCalculate-frameworks.sh\"\n";
			showEnvVarsInLog = 0;
		};
		5EB5F4B7A4C34C39640F0EC0 /* [CP] Check Pods Manifest.lock */ = {
			isa = PBXShellScriptBuildPhase;
			buildActionMask = 2147483647;
			files = (
			);
			inputFileListPaths = (
			);
			inputPaths = (
				"${PODS_PODFILE_DIR_PATH}/Podfile.lock",
				"${PODS_ROOT}/Manifest.lock",
			);
			name = "[CP] Check Pods Manifest.lock";
			outputFileListPaths = (
			);
			outputPaths = (
				"$(DERIVED_FILE_DIR)/Pods-TurnipCalculate-checkManifestLockResult.txt",
			);
			runOnlyForDeploymentPostprocessing = 0;
			shellPath = /bin/sh;
			shellScript = "diff \"${PODS_PODFILE_DIR_PATH}/Podfile.lock\" \"${PODS_ROOT}/Manifest.lock\" > /dev/null\nif [ $? != 0 ] ; then\n    # print error to STDERR\n    echo \"error: The sandbox is not in sync with the Podfile.lock. Run 'pod install' or update your CocoaPods installation.\" >&2\n    exit 1\nfi\n# This output is used by Xcode 'outputs' to avoid re-running this script phase.\necho \"SUCCESS\" > \"${SCRIPT_OUTPUT_FILE_0}\"\n";
			showEnvVarsInLog = 0;
		};
/* End PBXShellScriptBuildPhase section */

/* Begin PBXSourcesBuildPhase section */
		3D84376727B7A08F00BEBDF6 /* Sources */ = {
			isa = PBXSourcesBuildPhase;
			buildActionMask = 2147483647;
			files = (
				3D84377327B7A08F00BEBDF6 /* EnterViewController.swift in Sources */,
				8C23C4BE28D710F2008DF3C6 /* TurnipService.swift in Sources */,
				3D84378327B7FFEB00BEBDF6 /* CalculateViewController.swift in Sources */,
				8CDB8B082912B43C0088D972 /* EnterView.swift in Sources */,
				8C23C4BB28D710AA008DF3C6 /* Extension.swift in Sources */,
				3D84376F27B7A08F00BEBDF6 /* AppDelegate.swift in Sources */,
				3D84378627B816CD00BEBDF6 /* Turnip.swift in Sources */,
				3D84377127B7A08F00BEBDF6 /* SceneDelegate.swift in Sources */,
			);
			runOnlyForDeploymentPostprocessing = 0;
		};
/* End PBXSourcesBuildPhase section */

/* Begin XCBuildConfiguration section */
		3D84377D27B7A09300BEBDF6 /* Debug */ = {
			isa = XCBuildConfiguration;
			buildSettings = {
				ALWAYS_SEARCH_USER_PATHS = NO;
				CLANG_ANALYZER_NONNULL = YES;
				CLANG_ANALYZER_NUMBER_OBJECT_CONVERSION = YES_AGGRESSIVE;
				CLANG_CXX_LANGUAGE_STANDARD = "gnu++17";
				CLANG_CXX_LIBRARY = "libc++";
				CLANG_ENABLE_MODULES = YES;
				CLANG_ENABLE_OBJC_ARC = YES;
				CLANG_ENABLE_OBJC_WEAK = YES;
				CLANG_WARN_BLOCK_CAPTURE_AUTORELEASING = YES;
				CLANG_WARN_BOOL_CONVERSION = YES;
				CLANG_WARN_COMMA = YES;
				CLANG_WARN_CONSTANT_CONVERSION = YES;
				CLANG_WARN_DEPRECATED_OBJC_IMPLEMENTATIONS = YES;
				CLANG_WARN_DIRECT_OBJC_ISA_USAGE = YES_ERROR;
				CLANG_WARN_DOCUMENTATION_COMMENTS = YES;
				CLANG_WARN_EMPTY_BODY = YES;
				CLANG_WARN_ENUM_CONVERSION = YES;
				CLANG_WARN_INFINITE_RECURSION = YES;
				CLANG_WARN_INT_CONVERSION = YES;
				CLANG_WARN_NON_LITERAL_NULL_CONVERSION = YES;
				CLANG_WARN_OBJC_IMPLICIT_RETAIN_SELF = YES;
				CLANG_WARN_OBJC_LITERAL_CONVERSION = YES;
				CLANG_WARN_OBJC_ROOT_CLASS = YES_ERROR;
				CLANG_WARN_QUOTED_INCLUDE_IN_FRAMEWORK_HEADER = YES;
				CLANG_WARN_RANGE_LOOP_ANALYSIS = YES;
				CLANG_WARN_STRICT_PROTOTYPES = YES;
				CLANG_WARN_SUSPICIOUS_MOVE = YES;
				CLANG_WARN_UNGUARDED_AVAILABILITY = YES_AGGRESSIVE;
				CLANG_WARN_UNREACHABLE_CODE = YES;
				CLANG_WARN__DUPLICATE_METHOD_MATCH = YES;
				COPY_PHASE_STRIP = NO;
				DEBUG_INFORMATION_FORMAT = dwarf;
				ENABLE_STRICT_OBJC_MSGSEND = YES;
				ENABLE_TESTABILITY = YES;
				GCC_C_LANGUAGE_STANDARD = gnu11;
				GCC_DYNAMIC_NO_PIC = NO;
				GCC_NO_COMMON_BLOCKS = YES;
				GCC_OPTIMIZATION_LEVEL = 0;
				GCC_PREPROCESSOR_DEFINITIONS = (
					"DEBUG=1",
					"$(inherited)",
				);
				GCC_WARN_64_TO_32_BIT_CONVERSION = YES;
				GCC_WARN_ABOUT_RETURN_TYPE = YES_ERROR;
				GCC_WARN_UNDECLARED_SELECTOR = YES;
				GCC_WARN_UNINITIALIZED_AUTOS = YES_AGGRESSIVE;
				GCC_WARN_UNUSED_FUNCTION = YES;
				GCC_WARN_UNUSED_VARIABLE = YES;
				IPHONEOS_DEPLOYMENT_TARGET = 14.0;
				MTL_ENABLE_DEBUG_INFO = INCLUDE_SOURCE;
				MTL_FAST_MATH = YES;
				ONLY_ACTIVE_ARCH = YES;
				SDKROOT = iphoneos;
				SWIFT_ACTIVE_COMPILATION_CONDITIONS = DEBUG;
				SWIFT_OPTIMIZATION_LEVEL = "-Onone";
			};
			name = Debug;
		};
		3D84377E27B7A09300BEBDF6 /* Release */ = {
			isa = XCBuildConfiguration;
			buildSettings = {
				ALWAYS_SEARCH_USER_PATHS = NO;
				CLANG_ANALYZER_NONNULL = YES;
				CLANG_ANALYZER_NUMBER_OBJECT_CONVERSION = YES_AGGRESSIVE;
				CLANG_CXX_LANGUAGE_STANDARD = "gnu++17";
				CLANG_CXX_LIBRARY = "libc++";
				CLANG_ENABLE_MODULES = YES;
				CLANG_ENABLE_OBJC_ARC = YES;
				CLANG_ENABLE_OBJC_WEAK = YES;
				CLANG_WARN_BLOCK_CAPTURE_AUTORELEASING = YES;
				CLANG_WARN_BOOL_CONVERSION = YES;
				CLANG_WARN_COMMA = YES;
				CLANG_WARN_CONSTANT_CONVERSION = YES;
				CLANG_WARN_DEPRECATED_OBJC_IMPLEMENTATIONS = YES;
				CLANG_WARN_DIRECT_OBJC_ISA_USAGE = YES_ERROR;
				CLANG_WARN_DOCUMENTATION_COMMENTS = YES;
				CLANG_WARN_EMPTY_BODY = YES;
				CLANG_WARN_ENUM_CONVERSION = YES;
				CLANG_WARN_INFINITE_RECURSION = YES;
				CLANG_WARN_INT_CONVERSION = YES;
				CLANG_WARN_NON_LITERAL_NULL_CONVERSION = YES;
				CLANG_WARN_OBJC_IMPLICIT_RETAIN_SELF = YES;
				CLANG_WARN_OBJC_LITERAL_CONVERSION = YES;
				CLANG_WARN_OBJC_ROOT_CLASS = YES_ERROR;
				CLANG_WARN_QUOTED_INCLUDE_IN_FRAMEWORK_HEADER = YES;
				CLANG_WARN_RANGE_LOOP_ANALYSIS = YES;
				CLANG_WARN_STRICT_PROTOTYPES = YES;
				CLANG_WARN_SUSPICIOUS_MOVE = YES;
				CLANG_WARN_UNGUARDED_AVAILABILITY = YES_AGGRESSIVE;
				CLANG_WARN_UNREACHABLE_CODE = YES;
				CLANG_WARN__DUPLICATE_METHOD_MATCH = YES;
				COPY_PHASE_STRIP = NO;
				DEBUG_INFORMATION_FORMAT = "dwarf-with-dsym";
				ENABLE_NS_ASSERTIONS = NO;
				ENABLE_STRICT_OBJC_MSGSEND = YES;
				GCC_C_LANGUAGE_STANDARD = gnu11;
				GCC_NO_COMMON_BLOCKS = YES;
				GCC_WARN_64_TO_32_BIT_CONVERSION = YES;
				GCC_WARN_ABOUT_RETURN_TYPE = YES_ERROR;
				GCC_WARN_UNDECLARED_SELECTOR = YES;
				GCC_WARN_UNINITIALIZED_AUTOS = YES_AGGRESSIVE;
				GCC_WARN_UNUSED_FUNCTION = YES;
				GCC_WARN_UNUSED_VARIABLE = YES;
				IPHONEOS_DEPLOYMENT_TARGET = 14.0;
				MTL_ENABLE_DEBUG_INFO = NO;
				MTL_FAST_MATH = YES;
				SDKROOT = iphoneos;
				SWIFT_COMPILATION_MODE = wholemodule;
				SWIFT_OPTIMIZATION_LEVEL = "-O";
				VALIDATE_PRODUCT = YES;
			};
			name = Release;
		};
		3D84378027B7A09300BEBDF6 /* Debug */ = {
			isa = XCBuildConfiguration;
			baseConfigurationReference = 4D15662B2B7DC92A270C4372 /* Pods-TurnipCalculate.debug.xcconfig */;
			buildSettings = {
				ASSETCATALOG_COMPILER_APPICON_NAME = AppIcon;
				ASSETCATALOG_COMPILER_GLOBAL_ACCENT_COLOR_NAME = AccentColor;
				CODE_SIGN_STYLE = Automatic;
				CURRENT_PROJECT_VERSION = 1;
				DEVELOPMENT_TEAM = AH24YSXN5M;
				GENERATE_INFOPLIST_FILE = YES;
				INFOPLIST_FILE = TurnipCalculate/Info.plist;
				INFOPLIST_KEY_CFBundleDisplayName = "ACNH - 무주식계산기";
				INFOPLIST_KEY_NSUserTrackingUsageDescription = "개인에게 최적화된 광고를 제공하기 위해 사용자의 광고 활동 정보를 수집합니다.";
				INFOPLIST_KEY_UIApplicationSupportsIndirectInputEvents = YES;
				INFOPLIST_KEY_UILaunchStoryboardName = LaunchScreen;
				INFOPLIST_KEY_UISupportedInterfaceOrientations = UIInterfaceOrientationPortrait;
				INFOPLIST_KEY_UISupportedInterfaceOrientations_iPad = "UIInterfaceOrientationPortrait UIInterfaceOrientationPortraitUpsideDown UIInterfaceOrientationLandscapeLeft UIInterfaceOrientationLandscapeRight";
				INFOPLIST_KEY_UISupportedInterfaceOrientations_iPhone = "UIInterfaceOrientationPortrait UIInterfaceOrientationLandscapeLeft UIInterfaceOrientationLandscapeRight";
				IPHONEOS_DEPLOYMENT_TARGET = 14.0;
				LD_RUNPATH_SEARCH_PATHS = (
					"$(inherited)",
					"@executable_path/Frameworks",
				);
				MARKETING_VERSION = 1.0.1;
				PRODUCT_BUNDLE_IDENTIFIER = com.kang.TurnipCalculate;
				PRODUCT_NAME = "$(TARGET_NAME)";
				SWIFT_EMIT_LOC_STRINGS = YES;
				SWIFT_VERSION = 5.0;
				TARGETED_DEVICE_FAMILY = 1;
			};
			name = Debug;
		};
		3D84378127B7A09300BEBDF6 /* Release */ = {
			isa = XCBuildConfiguration;
			baseConfigurationReference = 3998ADD3A1778BFDC6E227F6 /* Pods-TurnipCalculate.release.xcconfig */;
			buildSettings = {
				ASSETCATALOG_COMPILER_APPICON_NAME = AppIcon;
				ASSETCATALOG_COMPILER_GLOBAL_ACCENT_COLOR_NAME = AccentColor;
				CODE_SIGN_STYLE = Automatic;
				CURRENT_PROJECT_VERSION = 1;
				DEVELOPMENT_TEAM = AH24YSXN5M;
				GENERATE_INFOPLIST_FILE = YES;
				INFOPLIST_FILE = TurnipCalculate/Info.plist;
				INFOPLIST_KEY_CFBundleDisplayName = "ACNH - 무주식계산기";
				INFOPLIST_KEY_NSUserTrackingUsageDescription = "개인에게 최적화된 광고를 제공하기 위해 사용자의 광고 활동 정보를 수집합니다.";
				INFOPLIST_KEY_UIApplicationSupportsIndirectInputEvents = YES;
				INFOPLIST_KEY_UILaunchStoryboardName = LaunchScreen;
				INFOPLIST_KEY_UISupportedInterfaceOrientations = UIInterfaceOrientationPortrait;
				INFOPLIST_KEY_UISupportedInterfaceOrientations_iPad = "UIInterfaceOrientationPortrait UIInterfaceOrientationPortraitUpsideDown UIInterfaceOrientationLandscapeLeft UIInterfaceOrientationLandscapeRight";
				INFOPLIST_KEY_UISupportedInterfaceOrientations_iPhone = "UIInterfaceOrientationPortrait UIInterfaceOrientationLandscapeLeft UIInterfaceOrientationLandscapeRight";
				IPHONEOS_DEPLOYMENT_TARGET = 14.0;
				LD_RUNPATH_SEARCH_PATHS = (
					"$(inherited)",
					"@executable_path/Frameworks",
				);
				MARKETING_VERSION = 1.0.1;
				PRODUCT_BUNDLE_IDENTIFIER = com.kang.TurnipCalculate;
				PRODUCT_NAME = "$(TARGET_NAME)";
				SWIFT_EMIT_LOC_STRINGS = YES;
				SWIFT_VERSION = 5.0;
				TARGETED_DEVICE_FAMILY = 1;
			};
			name = Release;
		};
/* End XCBuildConfiguration section */

/* Begin XCConfigurationList section */
		3D84376627B7A08F00BEBDF6 /* Build configuration list for PBXProject "TurnipCalculate" */ = {
			isa = XCConfigurationList;
			buildConfigurations = (
				3D84377D27B7A09300BEBDF6 /* Debug */,
				3D84377E27B7A09300BEBDF6 /* Release */,
			);
			defaultConfigurationIsVisible = 0;
			defaultConfigurationName = Release;
		};
		3D84377F27B7A09300BEBDF6 /* Build configuration list for PBXNativeTarget "TurnipCalculate" */ = {
			isa = XCConfigurationList;
			buildConfigurations = (
				3D84378027B7A09300BEBDF6 /* Debug */,
				3D84378127B7A09300BEBDF6 /* Release */,
			);
			defaultConfigurationIsVisible = 0;
			defaultConfigurationName = Release;
		};
/* End XCConfigurationList section */
	};
	rootObject = 3D84376327B7A08F00BEBDF6 /* Project object */;
}
